
Microsoft Visual Studio Solution File, Format Version 12.00
# Visual Studio Version 16
VisualStudioVersion = 16.0.30309.148
MinimumVisualStudioVersion = 10.0.40219.1
Project("{FAE04EC0-301F-11D3-BF4B-00C04F79EFBC}") = "IMC", "IMC\IMC.csproj", "{10D9F1D3-D250-43DE-B859-FCEB107054E2}"
EndProject
Global
	GlobalSection(SolutionConfigurationPlatforms) = preSolution
		Debug|Any CPU = Debug|Any CPU
		Release|Any CPU = Release|Any CPU
	EndGlobalSection
	GlobalSection(ProjectConfigurationPlatforms) = postSolution
		{10D9F1D3-D250-43DE-B859-FCEB107054E2}.Debug|Any CPU.ActiveCfg = Debug|Any CPU
		{10D9F1D3-D250-43DE-B859-FCEB107054E2}.Debug|Any CPU.Build.0 = Debug|Any CPU
		{10D9F1D3-D250-43DE-B859-FCEB107054E2}.Release|Any CPU.ActiveCfg = Release|Any CPU
		{10D9F1D3-D250-43DE-B859-FCEB107054E2}.Release|Any CPU.Build.0 = Release|Any CPU
	EndGlobalSection
	GlobalSection(SolutionProperties) = preSolution
		HideSolutionNode = FALSE
	EndGlobalSection
	GlobalSection(ExtensibilityGlobals) = postSolution
		SolutionGuid = {DD3660DE-6E5D-47FB-BFB0-F8AFA8ABDBA2}
	EndGlobalSection
EndGlobal
