
Microsoft Visual Studio Solution File, Format Version 12.00
# Visual Studio Version 16
VisualStudioVersion = 16.0.30309.148
MinimumVisualStudioVersion = 10.0.40219.1
Project("{FAE04EC0-301F-11D3-BF4B-00C04F79EFBC}") = "Calculadora", "Calculadora\Calculadora.csproj", "{6ED9AC8E-3A89-44F7-B2BA-A8EB81893B2B}"
EndProject
Global
	GlobalSection(SolutionConfigurationPlatforms) = preSolution
		Debug|Any CPU = Debug|Any CPU
		Release|Any CPU = Release|Any CPU
	EndGlobalSection
	GlobalSection(ProjectConfigurationPlatforms) = postSolution
		{6ED9AC8E-3A89-44F7-B2BA-A8EB81893B2B}.Debug|Any CPU.ActiveCfg = Debug|Any CPU
		{6ED9AC8E-3A89-44F7-B2BA-A8EB81893B2B}.Debug|Any CPU.Build.0 = Debug|Any CPU
		{6ED9AC8E-3A89-44F7-B2BA-A8EB81893B2B}.Release|Any CPU.ActiveCfg = Release|Any CPU
		{6ED9AC8E-3A89-44F7-B2BA-A8EB81893B2B}.Release|Any CPU.Build.0 = Release|Any CPU
	EndGlobalSection
	GlobalSection(SolutionProperties) = preSolution
		HideSolutionNode = FALSE
	EndGlobalSection
	GlobalSection(ExtensibilityGlobals) = postSolution
		SolutionGuid = {B631063C-5157-4B29-9BFA-87265971385E}
	EndGlobalSection
EndGlobal
