
Microsoft Visual Studio Solution File, Format Version 12.00
# Visual Studio Version 16
VisualStudioVersion = 16.0.30717.126
MinimumVisualStudioVersion = 10.0.40219.1
Project("{FAE04EC0-301F-11D3-BF4B-00C04F79EFBC}") = "PF_0030482013048", "PF_0030482013048\PF_0030482013048.csproj", "{35DE2A76-7D42-4797-837F-0ECC75B47821}"
EndProject
Global
	GlobalSection(SolutionConfigurationPlatforms) = preSolution
		Debug|Any CPU = Debug|Any CPU
		Release|Any CPU = Release|Any CPU
	EndGlobalSection
	GlobalSection(ProjectConfigurationPlatforms) = postSolution
		{35DE2A76-7D42-4797-837F-0ECC75B47821}.Debug|Any CPU.ActiveCfg = Debug|Any CPU
		{35DE2A76-7D42-4797-837F-0ECC75B47821}.Debug|Any CPU.Build.0 = Debug|Any CPU
		{35DE2A76-7D42-4797-837F-0ECC75B47821}.Release|Any CPU.ActiveCfg = Release|Any CPU
		{35DE2A76-7D42-4797-837F-0ECC75B47821}.Release|Any CPU.Build.0 = Release|Any CPU
	EndGlobalSection
	GlobalSection(SolutionProperties) = preSolution
		HideSolutionNode = FALSE
	EndGlobalSection
	GlobalSection(ExtensibilityGlobals) = postSolution
		SolutionGuid = {5BF26951-2BD1-4795-8519-6DB472B68AF4}
	EndGlobalSection
EndGlobal
